// !$*UTF8*$!
{
	archiveVersion = 1;
	classes = {
	};
	objectVersion = 56;
	objects = {

/* Begin PBXBuildFile section */
		EC7E557729D60FCF0010B529 /* KeyboardResponder.swift in Sources */ = {isa = PBXBuildFile; fileRef = EC7E557629D60FCF0010B529 /* KeyboardResponder.swift */; };
		EC93300529D92C6500113389 /* SwitchView2.swift in Sources */ = {isa = PBXBuildFile; fileRef = EC93300429D92C6500113389 /* SwitchView2.swift */; };
		EC93300729D92CD200113389 /* MenuView.swift in Sources */ = {isa = PBXBuildFile; fileRef = EC93300629D92CD200113389 /* MenuView.swift */; };
		EC93300929D92CFB00113389 /* ViewRouter2.swift in Sources */ = {isa = PBXBuildFile; fileRef = EC93300829D92CFB00113389 /* ViewRouter2.swift */; };
		EC93300C29D93D9000113389 /* FirebaseFirestore in Frameworks */ = {isa = PBXBuildFile; productRef = EC93300B29D93D9000113389 /* FirebaseFirestore */; };
		EC93300E29D944FD00113389 /* DataFetch.swift in Sources */ = {isa = PBXBuildFile; fileRef = EC93300D29D944FD00113389 /* DataFetch.swift */; };
		EC93301829D9E53900113389 /* Workout.swift in Sources */ = {isa = PBXBuildFile; fileRef = EC93301729D9E53900113389 /* Workout.swift */; };
		EC93301A29D9F47500113389 /* WorkoutView.swift in Sources */ = {isa = PBXBuildFile; fileRef = EC93301929D9F47500113389 /* WorkoutView.swift */; };
		EC93301D29D9F7DD00113389 /* StopwatchUnitView.swift in Sources */ = {isa = PBXBuildFile; fileRef = EC93301C29D9F7DD00113389 /* StopwatchUnitView.swift */; };
		ECD5336C29D53B8400EA26A6 /* GetFitApp.swift in Sources */ = {isa = PBXBuildFile; fileRef = ECD5336B29D53B8400EA26A6 /* GetFitApp.swift */; };
		ECD5336E29D53B8400EA26A6 /* ContentView.swift in Sources */ = {isa = PBXBuildFile; fileRef = ECD5336D29D53B8400EA26A6 /* ContentView.swift */; };
		ECD5337029D53B8700EA26A6 /* Assets.xcassets in Resources */ = {isa = PBXBuildFile; fileRef = ECD5336F29D53B8700EA26A6 /* Assets.xcassets */; };
		ECD5337329D53B8700EA26A6 /* Preview Assets.xcassets in Resources */ = {isa = PBXBuildFile; fileRef = ECD5337229D53B8700EA26A6 /* Preview Assets.xcassets */; };
		ECD5337D29D53B8700EA26A6 /* GetFitTests.swift in Sources */ = {isa = PBXBuildFile; fileRef = ECD5337C29D53B8700EA26A6 /* GetFitTests.swift */; };
		ECD5338729D53B8700EA26A6 /* GetFitUITests.swift in Sources */ = {isa = PBXBuildFile; fileRef = ECD5338629D53B8700EA26A6 /* GetFitUITests.swift */; };
		ECD5338929D53B8700EA26A6 /* GetFitUITestsLaunchTests.swift in Sources */ = {isa = PBXBuildFile; fileRef = ECD5338829D53B8700EA26A6 /* GetFitUITestsLaunchTests.swift */; };
		ECD5339629D53B9500EA26A6 /* GoogleService-Info.plist in Resources */ = {isa = PBXBuildFile; fileRef = ECD5339529D53B9400EA26A6 /* GoogleService-Info.plist */; };
		ECD5339929D53CC900EA26A6 /* FirebaseAuth in Frameworks */ = {isa = PBXBuildFile; productRef = ECD5339829D53CC900EA26A6 /* FirebaseAuth */; };
		ECD5339D29D53F4500EA26A6 /* SignInView.swift in Sources */ = {isa = PBXBuildFile; fileRef = ECD5339C29D53F4500EA26A6 /* SignInView.swift */; };
		ECD5339F29D53F8D00EA26A6 /* ViewRouter.swift in Sources */ = {isa = PBXBuildFile; fileRef = ECD5339E29D53F8D00EA26A6 /* ViewRouter.swift */; };
		ECD533A129D53FBF00EA26A6 /* MainView.swift in Sources */ = {isa = PBXBuildFile; fileRef = ECD533A029D53FBF00EA26A6 /* MainView.swift */; };
		ECD533A329D53FE900EA26A6 /* AppViewModel.swift in Sources */ = {isa = PBXBuildFile; fileRef = ECD533A229D53FE900EA26A6 /* AppViewModel.swift */; };
		ECD533A529D5404800EA26A6 /* SignUpView.swift in Sources */ = {isa = PBXBuildFile; fileRef = ECD533A429D5404800EA26A6 /* SignUpView.swift */; };
		ECD533A929D5417900EA26A6 /* SwitchView.swift in Sources */ = {isa = PBXBuildFile; fileRef = ECD533A829D5417900EA26A6 /* SwitchView.swift */; };
/* End PBXBuildFile section */

/* Begin PBXContainerItemProxy section */
		ECD5337929D53B8700EA26A6 /* PBXContainerItemProxy */ = {
			isa = PBXContainerItemProxy;
			containerPortal = ECD5336029D53B8400EA26A6 /* Project object */;
			proxyType = 1;
			remoteGlobalIDString = ECD5336729D53B8400EA26A6;
			remoteInfo = GetFit;
		};
		ECD5338329D53B8700EA26A6 /* PBXContainerItemProxy */ = {
			isa = PBXContainerItemProxy;
			containerPortal = ECD5336029D53B8400EA26A6 /* Project object */;
			proxyType = 1;
			remoteGlobalIDString = ECD5336729D53B8400EA26A6;
			remoteInfo = GetFit;
		};
/* End PBXContainerItemProxy section */

/* Begin PBXFileReference section */
		EC7E557629D60FCF0010B529 /* KeyboardResponder.swift */ = {isa = PBXFileReference; fileEncoding = 4; lastKnownFileType = sourcecode.swift; path = KeyboardResponder.swift; sourceTree = "<group>"; };
		EC93300429D92C6500113389 /* SwitchView2.swift */ = {isa = PBXFileReference; lastKnownFileType = sourcecode.swift; path = SwitchView2.swift; sourceTree = "<group>"; };
		EC93300629D92CD200113389 /* MenuView.swift */ = {isa = PBXFileReference; lastKnownFileType = sourcecode.swift; path = MenuView.swift; sourceTree = "<group>"; };
		EC93300829D92CFB00113389 /* ViewRouter2.swift */ = {isa = PBXFileReference; lastKnownFileType = sourcecode.swift; path = ViewRouter2.swift; sourceTree = "<group>"; };
		EC93300D29D944FD00113389 /* DataFetch.swift */ = {isa = PBXFileReference; lastKnownFileType = sourcecode.swift; path = DataFetch.swift; sourceTree = "<group>"; };
		EC93301729D9E53900113389 /* Workout.swift */ = {isa = PBXFileReference; lastKnownFileType = sourcecode.swift; path = Workout.swift; sourceTree = "<group>"; };
		EC93301929D9F47500113389 /* WorkoutView.swift */ = {isa = PBXFileReference; lastKnownFileType = sourcecode.swift; path = WorkoutView.swift; sourceTree = "<group>"; };
		EC93301C29D9F7DD00113389 /* StopwatchUnitView.swift */ = {isa = PBXFileReference; lastKnownFileType = sourcecode.swift; path = StopwatchUnitView.swift; sourceTree = "<group>"; };
		ECD5336829D53B8400EA26A6 /* GetFit.app */ = {isa = PBXFileReference; explicitFileType = wrapper.application; includeInIndex = 0; path = GetFit.app; sourceTree = BUILT_PRODUCTS_DIR; };
		ECD5336B29D53B8400EA26A6 /* GetFitApp.swift */ = {isa = PBXFileReference; lastKnownFileType = sourcecode.swift; path = GetFitApp.swift; sourceTree = "<group>"; };
		ECD5336D29D53B8400EA26A6 /* ContentView.swift */ = {isa = PBXFileReference; lastKnownFileType = sourcecode.swift; path = ContentView.swift; sourceTree = "<group>"; };
		ECD5336F29D53B8700EA26A6 /* Assets.xcassets */ = {isa = PBXFileReference; lastKnownFileType = folder.assetcatalog; path = Assets.xcassets; sourceTree = "<group>"; };
		ECD5337229D53B8700EA26A6 /* Preview Assets.xcassets */ = {isa = PBXFileReference; lastKnownFileType = folder.assetcatalog; path = "Preview Assets.xcassets"; sourceTree = "<group>"; };
		ECD5337829D53B8700EA26A6 /* GetFitTests.xctest */ = {isa = PBXFileReference; explicitFileType = wrapper.cfbundle; includeInIndex = 0; path = GetFitTests.xctest; sourceTree = BUILT_PRODUCTS_DIR; };
		ECD5337C29D53B8700EA26A6 /* GetFitTests.swift */ = {isa = PBXFileReference; lastKnownFileType = sourcecode.swift; path = GetFitTests.swift; sourceTree = "<group>"; };
		ECD5338229D53B8700EA26A6 /* GetFitUITests.xctest */ = {isa = PBXFileReference; explicitFileType = wrapper.cfbundle; includeInIndex = 0; path = GetFitUITests.xctest; sourceTree = BUILT_PRODUCTS_DIR; };
		ECD5338629D53B8700EA26A6 /* GetFitUITests.swift */ = {isa = PBXFileReference; lastKnownFileType = sourcecode.swift; path = GetFitUITests.swift; sourceTree = "<group>"; };
		ECD5338829D53B8700EA26A6 /* GetFitUITestsLaunchTests.swift */ = {isa = PBXFileReference; lastKnownFileType = sourcecode.swift; path = GetFitUITestsLaunchTests.swift; sourceTree = "<group>"; };
		ECD5339529D53B9400EA26A6 /* GoogleService-Info.plist */ = {isa = PBXFileReference; fileEncoding = 4; lastKnownFileType = text.plist.xml; name = "GoogleService-Info.plist"; path = "../../GoogleService-Info.plist"; sourceTree = "<group>"; };
		ECD5339C29D53F4500EA26A6 /* SignInView.swift */ = {isa = PBXFileReference; lastKnownFileType = sourcecode.swift; path = SignInView.swift; sourceTree = "<group>"; };
		ECD5339E29D53F8D00EA26A6 /* ViewRouter.swift */ = {isa = PBXFileReference; lastKnownFileType = sourcecode.swift; path = ViewRouter.swift; sourceTree = "<group>"; };
		ECD533A029D53FBF00EA26A6 /* MainView.swift */ = {isa = PBXFileReference; lastKnownFileType = sourcecode.swift; path = MainView.swift; sourceTree = "<group>"; };
		ECD533A229D53FE900EA26A6 /* AppViewModel.swift */ = {isa = PBXFileReference; lastKnownFileType = sourcecode.swift; path = AppViewModel.swift; sourceTree = "<group>"; };
		ECD533A429D5404800EA26A6 /* SignUpView.swift */ = {isa = PBXFileReference; lastKnownFileType = sourcecode.swift; path = SignUpView.swift; sourceTree = "<group>"; };
		ECD533A829D5417900EA26A6 /* SwitchView.swift */ = {isa = PBXFileReference; lastKnownFileType = sourcecode.swift; path = SwitchView.swift; sourceTree = "<group>"; };
/* End PBXFileReference section */

/* Begin PBXFrameworksBuildPhase section */
		ECD5336529D53B8400EA26A6 /* Frameworks */ = {
			isa = PBXFrameworksBuildPhase;
			buildActionMask = 2147483647;
			files = (
				ECD5339929D53CC900EA26A6 /* FirebaseAuth in Frameworks */,
				EC93300C29D93D9000113389 /* FirebaseFirestore in Frameworks */,
			);
			runOnlyForDeploymentPostprocessing = 0;
		};
		ECD5337529D53B8700EA26A6 /* Frameworks */ = {
			isa = PBXFrameworksBuildPhase;
			buildActionMask = 2147483647;
			files = (
			);
			runOnlyForDeploymentPostprocessing = 0;
		};
		ECD5337F29D53B8700EA26A6 /* Frameworks */ = {
			isa = PBXFrameworksBuildPhase;
			buildActionMask = 2147483647;
			files = (
			);
			runOnlyForDeploymentPostprocessing = 0;
		};
/* End PBXFrameworksBuildPhase section */

/* Begin PBXGroup section */
		EC93300A29D93D9000113389 /* Frameworks */ = {
			isa = PBXGroup;
			children = (
			);
			name = Frameworks;
			sourceTree = "<group>";
		};
		EC93301B29D9F7CA00113389 /* New Group */ = {
			isa = PBXGroup;
			children = (
			);
			path = "New Group";
			sourceTree = "<group>";
		};
		ECD5335F29D53B8400EA26A6 = {
			isa = PBXGroup;
			children = (
				EC93301729D9E53900113389 /* Workout.swift */,
				ECD5336A29D53B8400EA26A6 /* GetFit */,
				ECD5337B29D53B8700EA26A6 /* GetFitTests */,
				ECD5338529D53B8700EA26A6 /* GetFitUITests */,
				ECD5336929D53B8400EA26A6 /* Products */,
				EC93300A29D93D9000113389 /* Frameworks */,
			);
			sourceTree = "<group>";
		};
		ECD5336929D53B8400EA26A6 /* Products */ = {
			isa = PBXGroup;
			children = (
				ECD5336829D53B8400EA26A6 /* GetFit.app */,
				ECD5337829D53B8700EA26A6 /* GetFitTests.xctest */,
				ECD5338229D53B8700EA26A6 /* GetFitUITests.xctest */,
			);
			name = Products;
			sourceTree = "<group>";
		};
		ECD5336A29D53B8400EA26A6 /* GetFit */ = {
			isa = PBXGroup;
			children = (
				EC93301B29D9F7CA00113389 /* New Group */,
				ECD5336B29D53B8400EA26A6 /* GetFitApp.swift */,
				ECD5339C29D53F4500EA26A6 /* SignInView.swift */,
				EC7E557629D60FCF0010B529 /* KeyboardResponder.swift */,
				ECD533A429D5404800EA26A6 /* SignUpView.swift */,
				ECD5339E29D53F8D00EA26A6 /* ViewRouter.swift */,
				ECD533A029D53FBF00EA26A6 /* MainView.swift */,
				ECD533A229D53FE900EA26A6 /* AppViewModel.swift */,
				ECD5336D29D53B8400EA26A6 /* ContentView.swift */,
				ECD533A829D5417900EA26A6 /* SwitchView.swift */,
				ECD5339529D53B9400EA26A6 /* GoogleService-Info.plist */,
				ECD5336F29D53B8700EA26A6 /* Assets.xcassets */,
				ECD5337129D53B8700EA26A6 /* Preview Content */,
				EC93300429D92C6500113389 /* SwitchView2.swift */,
				EC93300629D92CD200113389 /* MenuView.swift */,
				EC93300829D92CFB00113389 /* ViewRouter2.swift */,
				EC93300D29D944FD00113389 /* DataFetch.swift */,
				EC93301929D9F47500113389 /* WorkoutView.swift */,
				EC93301C29D9F7DD00113389 /* StopwatchUnitView.swift */,
			);
			path = GetFit;
			sourceTree = "<group>";
		};
		ECD5337129D53B8700EA26A6 /* Preview Content */ = {
			isa = PBXGroup;
			children = (
				ECD5337229D53B8700EA26A6 /* Preview Assets.xcassets */,
			);
			path = "Preview Content";
			sourceTree = "<group>";
		};
		ECD5337B29D53B8700EA26A6 /* GetFitTests */ = {
			isa = PBXGroup;
			children = (
				ECD5337C29D53B8700EA26A6 /* GetFitTests.swift */,
			);
			path = GetFitTests;
			sourceTree = "<group>";
		};
		ECD5338529D53B8700EA26A6 /* GetFitUITests */ = {
			isa = PBXGroup;
			children = (
				ECD5338629D53B8700EA26A6 /* GetFitUITests.swift */,
				ECD5338829D53B8700EA26A6 /* GetFitUITestsLaunchTests.swift */,
			);
			path = GetFitUITests;
			sourceTree = "<group>";
		};
/* End PBXGroup section */

/* Begin PBXNativeTarget section */
		ECD5336729D53B8400EA26A6 /* GetFit */ = {
			isa = PBXNativeTarget;
			buildConfigurationList = ECD5338C29D53B8700EA26A6 /* Build configuration list for PBXNativeTarget "GetFit" */;
			buildPhases = (
				ECD5336429D53B8400EA26A6 /* Sources */,
				ECD5336529D53B8400EA26A6 /* Frameworks */,
				ECD5336629D53B8400EA26A6 /* Resources */,
			);
			buildRules = (
			);
			dependencies = (
			);
			name = GetFit;
			packageProductDependencies = (
				ECD5339829D53CC900EA26A6 /* FirebaseAuth */,
				EC93300B29D93D9000113389 /* FirebaseFirestore */,
			);
			productName = GetFit;
			productReference = ECD5336829D53B8400EA26A6 /* GetFit.app */;
			productType = "com.apple.product-type.application";
		};
		ECD5337729D53B8700EA26A6 /* GetFitTests */ = {
			isa = PBXNativeTarget;
			buildConfigurationList = ECD5338F29D53B8700EA26A6 /* Build configuration list for PBXNativeTarget "GetFitTests" */;
			buildPhases = (
				ECD5337429D53B8700EA26A6 /* Sources */,
				ECD5337529D53B8700EA26A6 /* Frameworks */,
				ECD5337629D53B8700EA26A6 /* Resources */,
			);
			buildRules = (
			);
			dependencies = (
				ECD5337A29D53B8700EA26A6 /* PBXTargetDependency */,
			);
			name = GetFitTests;
			productName = GetFitTests;
			productReference = ECD5337829D53B8700EA26A6 /* GetFitTests.xctest */;
			productType = "com.apple.product-type.bundle.unit-test";
		};
		ECD5338129D53B8700EA26A6 /* GetFitUITests */ = {
			isa = PBXNativeTarget;
			buildConfigurationList = ECD5339229D53B8700EA26A6 /* Build configuration list for PBXNativeTarget "GetFitUITests" */;
			buildPhases = (
				ECD5337E29D53B8700EA26A6 /* Sources */,
				ECD5337F29D53B8700EA26A6 /* Frameworks */,
				ECD5338029D53B8700EA26A6 /* Resources */,
			);
			buildRules = (
			);
			dependencies = (
				ECD5338429D53B8700EA26A6 /* PBXTargetDependency */,
			);
			name = GetFitUITests;
			productName = GetFitUITests;
			productReference = ECD5338229D53B8700EA26A6 /* GetFitUITests.xctest */;
			productType = "com.apple.product-type.bundle.ui-testing";
		};
/* End PBXNativeTarget section */

/* Begin PBXProject section */
		ECD5336029D53B8400EA26A6 /* Project object */ = {
			isa = PBXProject;
			attributes = {
				BuildIndependentTargetsInParallel = 1;
				LastSwiftUpdateCheck = 1400;
				LastUpgradeCheck = 1400;
				TargetAttributes = {
					ECD5336729D53B8400EA26A6 = {
						CreatedOnToolsVersion = 14.0;
					};
					ECD5337729D53B8700EA26A6 = {
						CreatedOnToolsVersion = 14.0;
						TestTargetID = ECD5336729D53B8400EA26A6;
					};
					ECD5338129D53B8700EA26A6 = {
						CreatedOnToolsVersion = 14.0;
						TestTargetID = ECD5336729D53B8400EA26A6;
					};
				};
			};
			buildConfigurationList = ECD5336329D53B8400EA26A6 /* Build configuration list for PBXProject "GetFit" */;
			compatibilityVersion = "Xcode 14.0";
			developmentRegion = en;
			hasScannedForEncodings = 0;
			knownRegions = (
				en,
				Base,
			);
			mainGroup = ECD5335F29D53B8400EA26A6;
			packageReferences = (
				ECD5339729D53CC900EA26A6 /* XCRemoteSwiftPackageReference "firebase-ios-sdk" */,
			);
			productRefGroup = ECD5336929D53B8400EA26A6 /* Products */;
			projectDirPath = "";
			projectRoot = "";
			targets = (
				ECD5336729D53B8400EA26A6 /* GetFit */,
				ECD5337729D53B8700EA26A6 /* GetFitTests */,
				ECD5338129D53B8700EA26A6 /* GetFitUITests */,
			);
		};
/* End PBXProject section */

/* Begin PBXResourcesBuildPhase section */
		ECD5336629D53B8400EA26A6 /* Resources */ = {
			isa = PBXResourcesBuildPhase;
			buildActionMask = 2147483647;
			files = (
				ECD5337329D53B8700EA26A6 /* Preview Assets.xcassets in Resources */,
				ECD5337029D53B8700EA26A6 /* Assets.xcassets in Resources */,
				ECD5339629D53B9500EA26A6 /* GoogleService-Info.plist in Resources */,
			);
			runOnlyForDeploymentPostprocessing = 0;
		};
		ECD5337629D53B8700EA26A6 /* Resources */ = {
			isa = PBXResourcesBuildPhase;
			buildActionMask = 2147483647;
			files = (
			);
			runOnlyForDeploymentPostprocessing = 0;
		};
		ECD5338029D53B8700EA26A6 /* Resources */ = {
			isa = PBXResourcesBuildPhase;
			buildActionMask = 2147483647;
			files = (
			);
			runOnlyForDeploymentPostprocessing = 0;
		};
/* End PBXResourcesBuildPhase section */

/* Begin PBXSourcesBuildPhase section */
		ECD5336429D53B8400EA26A6 /* Sources */ = {
			isa = PBXSourcesBuildPhase;
			buildActionMask = 2147483647;
			files = (
				ECD5339D29D53F4500EA26A6 /* SignInView.swift in Sources */,
				ECD5336E29D53B8400EA26A6 /* ContentView.swift in Sources */,
				ECD533A329D53FE900EA26A6 /* AppViewModel.swift in Sources */,
				ECD533A529D5404800EA26A6 /* SignUpView.swift in Sources */,
				ECD5336C29D53B8400EA26A6 /* GetFitApp.swift in Sources */,
				EC7E557729D60FCF0010B529 /* KeyboardResponder.swift in Sources */,
				EC93300929D92CFB00113389 /* ViewRouter2.swift in Sources */,
				ECD533A129D53FBF00EA26A6 /* MainView.swift in Sources */,
				EC93301A29D9F47500113389 /* WorkoutView.swift in Sources */,
				EC93300729D92CD200113389 /* MenuView.swift in Sources */,
				EC93301D29D9F7DD00113389 /* StopwatchUnitView.swift in Sources */,
				EC93301829D9E53900113389 /* Workout.swift in Sources */,
				EC93300529D92C6500113389 /* SwitchView2.swift in Sources */,
				EC93300E29D944FD00113389 /* DataFetch.swift in Sources */,
				ECD5339F29D53F8D00EA26A6 /* ViewRouter.swift in Sources */,
				ECD533A929D5417900EA26A6 /* SwitchView.swift in Sources */,
			);
			runOnlyForDeploymentPostprocessing = 0;
		};
		ECD5337429D53B8700EA26A6 /* Sources */ = {
			isa = PBXSourcesBuildPhase;
			buildActionMask = 2147483647;
			files = (
				ECD5337D29D53B8700EA26A6 /* GetFitTests.swift in Sources */,
			);
			runOnlyForDeploymentPostprocessing = 0;
		};
		ECD5337E29D53B8700EA26A6 /* Sources */ = {
			isa = PBXSourcesBuildPhase;
			buildActionMask = 2147483647;
			files = (
				ECD5338729D53B8700EA26A6 /* GetFitUITests.swift in Sources */,
				ECD5338929D53B8700EA26A6 /* GetFitUITestsLaunchTests.swift in Sources */,
			);
			runOnlyForDeploymentPostprocessing = 0;
		};
/* End PBXSourcesBuildPhase section */

/* Begin PBXTargetDependency section */
		ECD5337A29D53B8700EA26A6 /* PBXTargetDependency */ = {
			isa = PBXTargetDependency;
			target = ECD5336729D53B8400EA26A6 /* GetFit */;
			targetProxy = ECD5337929D53B8700EA26A6 /* PBXContainerItemProxy */;
		};
		ECD5338429D53B8700EA26A6 /* PBXTargetDependency */ = {
			isa = PBXTargetDependency;
			target = ECD5336729D53B8400EA26A6 /* GetFit */;
			targetProxy = ECD5338329D53B8700EA26A6 /* PBXContainerItemProxy */;
		};
/* End PBXTargetDependency section */

/* Begin XCBuildConfiguration section */
		ECD5338A29D53B8700EA26A6 /* Debug */ = {
			isa = XCBuildConfiguration;
			buildSettings = {
				ALWAYS_SEARCH_USER_PATHS = NO;
				CLANG_ANALYZER_NONNULL = YES;
				CLANG_ANALYZER_NUMBER_OBJECT_CONVERSION = YES_AGGRESSIVE;
				CLANG_CXX_LANGUAGE_STANDARD = "gnu++20";
				CLANG_ENABLE_MODULES = YES;
				CLANG_ENABLE_OBJC_ARC = YES;
				CLANG_ENABLE_OBJC_WEAK = YES;
				CLANG_WARN_BLOCK_CAPTURE_AUTORELEASING = YES;
				CLANG_WARN_BOOL_CONVERSION = YES;
				CLANG_WARN_COMMA = YES;
				CLANG_WARN_CONSTANT_CONVERSION = YES;
				CLANG_WARN_DEPRECATED_OBJC_IMPLEMENTATIONS = YES;
				CLANG_WARN_DIRECT_OBJC_ISA_USAGE = YES_ERROR;
				CLANG_WARN_DOCUMENTATION_COMMENTS = YES;
				CLANG_WARN_EMPTY_BODY = YES;
				CLANG_WARN_ENUM_CONVERSION = YES;
				CLANG_WARN_INFINITE_RECURSION = YES;
				CLANG_WARN_INT_CONVERSION = YES;
				CLANG_WARN_NON_LITERAL_NULL_CONVERSION = YES;
				CLANG_WARN_OBJC_IMPLICIT_RETAIN_SELF = YES;
				CLANG_WARN_OBJC_LITERAL_CONVERSION = YES;
				CLANG_WARN_OBJC_ROOT_CLASS = YES_ERROR;
				CLANG_WARN_QUOTED_INCLUDE_IN_FRAMEWORK_HEADER = YES;
				CLANG_WARN_RANGE_LOOP_ANALYSIS = YES;
				CLANG_WARN_STRICT_PROTOTYPES = YES;
				CLANG_WARN_SUSPICIOUS_MOVE = YES;
				CLANG_WARN_UNGUARDED_AVAILABILITY = YES_AGGRESSIVE;
				CLANG_WARN_UNREACHABLE_CODE = YES;
				CLANG_WARN__DUPLICATE_METHOD_MATCH = YES;
				COPY_PHASE_STRIP = NO;
				DEBUG_INFORMATION_FORMAT = dwarf;
				ENABLE_STRICT_OBJC_MSGSEND = YES;
				ENABLE_TESTABILITY = YES;
				GCC_C_LANGUAGE_STANDARD = gnu11;
				GCC_DYNAMIC_NO_PIC = NO;
				GCC_NO_COMMON_BLOCKS = YES;
				GCC_OPTIMIZATION_LEVEL = 0;
				GCC_PREPROCESSOR_DEFINITIONS = (
					"DEBUG=1",
					"$(inherited)",
				);
				GCC_WARN_64_TO_32_BIT_CONVERSION = YES;
				GCC_WARN_ABOUT_RETURN_TYPE = YES_ERROR;
				GCC_WARN_UNDECLARED_SELECTOR = YES;
				GCC_WARN_UNINITIALIZED_AUTOS = YES_AGGRESSIVE;
				GCC_WARN_UNUSED_FUNCTION = YES;
				GCC_WARN_UNUSED_VARIABLE = YES;
				IPHONEOS_DEPLOYMENT_TARGET = 16.0;
				MTL_ENABLE_DEBUG_INFO = INCLUDE_SOURCE;
				MTL_FAST_MATH = YES;
				ONLY_ACTIVE_ARCH = YES;
				SDKROOT = iphoneos;
				SWIFT_ACTIVE_COMPILATION_CONDITIONS = DEBUG;
				SWIFT_OPTIMIZATION_LEVEL = "-Onone";
			};
			name = Debug;
		};
		ECD5338B29D53B8700EA26A6 /* Release */ = {
			isa = XCBuildConfiguration;
			buildSettings = {
				ALWAYS_SEARCH_USER_PATHS = NO;
				CLANG_ANALYZER_NONNULL = YES;
				CLANG_ANALYZER_NUMBER_OBJECT_CONVERSION = YES_AGGRESSIVE;
				CLANG_CXX_LANGUAGE_STANDARD = "gnu++20";
				CLANG_ENABLE_MODULES = YES;
				CLANG_ENABLE_OBJC_ARC = YES;
				CLANG_ENABLE_OBJC_WEAK = YES;
				CLANG_WARN_BLOCK_CAPTURE_AUTORELEASING = YES;
				CLANG_WARN_BOOL_CONVERSION = YES;
				CLANG_WARN_COMMA = YES;
				CLANG_WARN_CONSTANT_CONVERSION = YES;
				CLANG_WARN_DEPRECATED_OBJC_IMPLEMENTATIONS = YES;
				CLANG_WARN_DIRECT_OBJC_ISA_USAGE = YES_ERROR;
				CLANG_WARN_DOCUMENTATION_COMMENTS = YES;
				CLANG_WARN_EMPTY_BODY = YES;
				CLANG_WARN_ENUM_CONVERSION = YES;
				CLANG_WARN_INFINITE_RECURSION = YES;
				CLANG_WARN_INT_CONVERSION = YES;
				CLANG_WARN_NON_LITERAL_NULL_CONVERSION = YES;
				CLANG_WARN_OBJC_IMPLICIT_RETAIN_SELF = YES;
				CLANG_WARN_OBJC_LITERAL_CONVERSION = YES;
				CLANG_WARN_OBJC_ROOT_CLASS = YES_ERROR;
				CLANG_WARN_QUOTED_INCLUDE_IN_FRAMEWORK_HEADER = YES;
				CLANG_WARN_RANGE_LOOP_ANALYSIS = YES;
				CLANG_WARN_STRICT_PROTOTYPES = YES;
				CLANG_WARN_SUSPICIOUS_MOVE = YES;
				CLANG_WARN_UNGUARDED_AVAILABILITY = YES_AGGRESSIVE;
				CLANG_WARN_UNREACHABLE_CODE = YES;
				CLANG_WARN__DUPLICATE_METHOD_MATCH = YES;
				COPY_PHASE_STRIP = NO;
				DEBUG_INFORMATION_FORMAT = "dwarf-with-dsym";
				ENABLE_NS_ASSERTIONS = NO;
				ENABLE_STRICT_OBJC_MSGSEND = YES;
				GCC_C_LANGUAGE_STANDARD = gnu11;
				GCC_NO_COMMON_BLOCKS = YES;
				GCC_WARN_64_TO_32_BIT_CONVERSION = YES;
				GCC_WARN_ABOUT_RETURN_TYPE = YES_ERROR;
				GCC_WARN_UNDECLARED_SELECTOR = YES;
				GCC_WARN_UNINITIALIZED_AUTOS = YES_AGGRESSIVE;
				GCC_WARN_UNUSED_FUNCTION = YES;
				GCC_WARN_UNUSED_VARIABLE = YES;
				IPHONEOS_DEPLOYMENT_TARGET = 16.0;
				MTL_ENABLE_DEBUG_INFO = NO;
				MTL_FAST_MATH = YES;
				SDKROOT = iphoneos;
				SWIFT_COMPILATION_MODE = wholemodule;
				SWIFT_OPTIMIZATION_LEVEL = "-O";
				VALIDATE_PRODUCT = YES;
			};
			name = Release;
		};
		ECD5338D29D53B8700EA26A6 /* Debug */ = {
			isa = XCBuildConfiguration;
			buildSettings = {
				ASSETCATALOG_COMPILER_APPICON_NAME = AppIcon;
				ASSETCATALOG_COMPILER_GLOBAL_ACCENT_COLOR_NAME = AccentColor;
				CODE_SIGN_STYLE = Automatic;
				CURRENT_PROJECT_VERSION = 1;
				DEVELOPMENT_ASSET_PATHS = "\"GetFit/Preview Content\"";
				DEVELOPMENT_TEAM = LVF399L5RB;
				ENABLE_PREVIEWS = YES;
				GENERATE_INFOPLIST_FILE = YES;
				INFOPLIST_KEY_UIApplicationSceneManifest_Generation = YES;
				INFOPLIST_KEY_UIApplicationSupportsIndirectInputEvents = YES;
				INFOPLIST_KEY_UILaunchScreen_Generation = YES;
				INFOPLIST_KEY_UISupportedInterfaceOrientations_iPad = "UIInterfaceOrientationPortrait UIInterfaceOrientationPortraitUpsideDown UIInterfaceOrientationLandscapeLeft UIInterfaceOrientationLandscapeRight";
				INFOPLIST_KEY_UISupportedInterfaceOrientations_iPhone = "UIInterfaceOrientationPortrait UIInterfaceOrientationLandscapeLeft UIInterfaceOrientationLandscapeRight";
				IPHONEOS_DEPLOYMENT_TARGET = 16.0;
				LD_RUNPATH_SEARCH_PATHS = (
					"$(inherited)",
					"@executable_path/Frameworks",
				);
				MARKETING_VERSION = 1.0;
				PRODUCT_BUNDLE_IDENTIFIER = DiegoMene.GetFit;
				PRODUCT_NAME = "$(TARGET_NAME)";
				SWIFT_EMIT_LOC_STRINGS = YES;
				SWIFT_VERSION = 5.0;
				TARGETED_DEVICE_FAMILY = "1,2";
			};
			name = Debug;
		};
		ECD5338E29D53B8700EA26A6 /* Release */ = {
			isa = XCBuildConfiguration;
			buildSettings = {
				ASSETCATALOG_COMPILER_APPICON_NAME = AppIcon;
				ASSETCATALOG_COMPILER_GLOBAL_ACCENT_COLOR_NAME = AccentColor;
				CODE_SIGN_STYLE = Automatic;
				CURRENT_PROJECT_VERSION = 1;
				DEVELOPMENT_ASSET_PATHS = "\"GetFit/Preview Content\"";
				DEVELOPMENT_TEAM = LVF399L5RB;
				ENABLE_PREVIEWS = YES;
				GENERATE_INFOPLIST_FILE = YES;
				INFOPLIST_KEY_UIApplicationSceneManifest_Generation = YES;
				INFOPLIST_KEY_UIApplicationSupportsIndirectInputEvents = YES;
				INFOPLIST_KEY_UILaunchScreen_Generation = YES;
				INFOPLIST_KEY_UISupportedInterfaceOrientations_iPad = "UIInterfaceOrientationPortrait UIInterfaceOrientationPortraitUpsideDown UIInterfaceOrientationLandscapeLeft UIInterfaceOrientationLandscapeRight";
				INFOPLIST_KEY_UISupportedInterfaceOrientations_iPhone = "UIInterfaceOrientationPortrait UIInterfaceOrientationLandscapeLeft UIInterfaceOrientationLandscapeRight";
				IPHONEOS_DEPLOYMENT_TARGET = 16.0;
				LD_RUNPATH_SEARCH_PATHS = (
					"$(inherited)",
					"@executable_path/Frameworks",
				);
				MARKETING_VERSION = 1.0;
				PRODUCT_BUNDLE_IDENTIFIER = DiegoMene.GetFit;
				PRODUCT_NAME = "$(TARGET_NAME)";
				SWIFT_EMIT_LOC_STRINGS = YES;
				SWIFT_VERSION = 5.0;
				TARGETED_DEVICE_FAMILY = "1,2";
			};
			name = Release;
		};
		ECD5339029D53B8700EA26A6 /* Debug */ = {
			isa = XCBuildConfiguration;
			buildSettings = {
				ALWAYS_EMBED_SWIFT_STANDARD_LIBRARIES = YES;
				BUNDLE_LOADER = "$(TEST_HOST)";
				CODE_SIGN_STYLE = Automatic;
				CURRENT_PROJECT_VERSION = 1;
				DEVELOPMENT_TEAM = LVF399L5RB;
				GENERATE_INFOPLIST_FILE = YES;
				IPHONEOS_DEPLOYMENT_TARGET = 16.0;
				MARKETING_VERSION = 1.0;
				PRODUCT_BUNDLE_IDENTIFIER = DiegoMene.GetFitTests;
				PRODUCT_NAME = "$(TARGET_NAME)";
				SWIFT_EMIT_LOC_STRINGS = NO;
				SWIFT_VERSION = 5.0;
				TARGETED_DEVICE_FAMILY = "1,2";
				TEST_HOST = "$(BUILT_PRODUCTS_DIR)/GetFit.app/$(BUNDLE_EXECUTABLE_FOLDER_PATH)/GetFit";
			};
			name = Debug;
		};
		ECD5339129D53B8700EA26A6 /* Release */ = {
			isa = XCBuildConfiguration;
			buildSettings = {
				ALWAYS_EMBED_SWIFT_STANDARD_LIBRARIES = YES;
				BUNDLE_LOADER = "$(TEST_HOST)";
				CODE_SIGN_STYLE = Automatic;
				CURRENT_PROJECT_VERSION = 1;
				DEVELOPMENT_TEAM = LVF399L5RB;
				GENERATE_INFOPLIST_FILE = YES;
				IPHONEOS_DEPLOYMENT_TARGET = 16.0;
				MARKETING_VERSION = 1.0;
				PRODUCT_BUNDLE_IDENTIFIER = DiegoMene.GetFitTests;
				PRODUCT_NAME = "$(TARGET_NAME)";
				SWIFT_EMIT_LOC_STRINGS = NO;
				SWIFT_VERSION = 5.0;
				TARGETED_DEVICE_FAMILY = "1,2";
				TEST_HOST = "$(BUILT_PRODUCTS_DIR)/GetFit.app/$(BUNDLE_EXECUTABLE_FOLDER_PATH)/GetFit";
			};
			name = Release;
		};
		ECD5339329D53B8700EA26A6 /* Debug */ = {
			isa = XCBuildConfiguration;
			buildSettings = {
				ALWAYS_EMBED_SWIFT_STANDARD_LIBRARIES = YES;
				CODE_SIGN_STYLE = Automatic;
				CURRENT_PROJECT_VERSION = 1;
				DEVELOPMENT_TEAM = LVF399L5RB;
				GENERATE_INFOPLIST_FILE = YES;
				MARKETING_VERSION = 1.0;
				PRODUCT_BUNDLE_IDENTIFIER = DiegoMene.GetFitUITests;
				PRODUCT_NAME = "$(TARGET_NAME)";
				SWIFT_EMIT_LOC_STRINGS = NO;
				SWIFT_VERSION = 5.0;
				TARGETED_DEVICE_FAMILY = "1,2";
				TEST_TARGET_NAME = GetFit;
			};
			name = Debug;
		};
		ECD5339429D53B8700EA26A6 /* Release */ = {
			isa = XCBuildConfiguration;
			buildSettings = {
				ALWAYS_EMBED_SWIFT_STANDARD_LIBRARIES = YES;
				CODE_SIGN_STYLE = Automatic;
				CURRENT_PROJECT_VERSION = 1;
				DEVELOPMENT_TEAM = LVF399L5RB;
				GENERATE_INFOPLIST_FILE = YES;
				MARKETING_VERSION = 1.0;
				PRODUCT_BUNDLE_IDENTIFIER = DiegoMene.GetFitUITests;
				PRODUCT_NAME = "$(TARGET_NAME)";
				SWIFT_EMIT_LOC_STRINGS = NO;
				SWIFT_VERSION = 5.0;
				TARGETED_DEVICE_FAMILY = "1,2";
				TEST_TARGET_NAME = GetFit;
			};
			name = Release;
		};
/* End XCBuildConfiguration section */

/* Begin XCConfigurationList section */
		ECD5336329D53B8400EA26A6 /* Build configuration list for PBXProject "GetFit" */ = {
			isa = XCConfigurationList;
			buildConfigurations = (
				ECD5338A29D53B8700EA26A6 /* Debug */,
				ECD5338B29D53B8700EA26A6 /* Release */,
			);
			defaultConfigurationIsVisible = 0;
			defaultConfigurationName = Release;
		};
		ECD5338C29D53B8700EA26A6 /* Build configuration list for PBXNativeTarget "GetFit" */ = {
			isa = XCConfigurationList;
			buildConfigurations = (
				ECD5338D29D53B8700EA26A6 /* Debug */,
				ECD5338E29D53B8700EA26A6 /* Release */,
			);
			defaultConfigurationIsVisible = 0;
			defaultConfigurationName = Release;
		};
		ECD5338F29D53B8700EA26A6 /* Build configuration list for PBXNativeTarget "GetFitTests" */ = {
			isa = XCConfigurationList;
			buildConfigurations = (
				ECD5339029D53B8700EA26A6 /* Debug */,
				ECD5339129D53B8700EA26A6 /* Release */,
			);
			defaultConfigurationIsVisible = 0;
			defaultConfigurationName = Release;
		};
		ECD5339229D53B8700EA26A6 /* Build configuration list for PBXNativeTarget "GetFitUITests" */ = {
			isa = XCConfigurationList;
			buildConfigurations = (
				ECD5339329D53B8700EA26A6 /* Debug */,
				ECD5339429D53B8700EA26A6 /* Release */,
			);
			defaultConfigurationIsVisible = 0;
			defaultConfigurationName = Release;
		};
/* End XCConfigurationList section */

/* Begin XCRemoteSwiftPackageReference section */
		ECD5339729D53CC900EA26A6 /* XCRemoteSwiftPackageReference "firebase-ios-sdk" */ = {
			isa = XCRemoteSwiftPackageReference;
			repositoryURL = "https://github.com/firebase/firebase-ios-sdk";
			requirement = {
				branch = master;
				kind = branch;
			};
		};
/* End XCRemoteSwiftPackageReference section */

/* Begin XCSwiftPackageProductDependency section */
		EC93300B29D93D9000113389 /* FirebaseFirestore */ = {
			isa = XCSwiftPackageProductDependency;
			package = ECD5339729D53CC900EA26A6 /* XCRemoteSwiftPackageReference "firebase-ios-sdk" */;
			productName = FirebaseFirestore;
		};
		ECD5339829D53CC900EA26A6 /* FirebaseAuth */ = {
			isa = XCSwiftPackageProductDependency;
			package = ECD5339729D53CC900EA26A6 /* XCRemoteSwiftPackageReference "firebase-ios-sdk" */;
			productName = FirebaseAuth;
		};
/* End XCSwiftPackageProductDependency section */
	};
	rootObject = ECD5336029D53B8400EA26A6 /* Project object */;
}
